Microsoft Visual Studio Solution File, Format Version 12.00
# Visual Studio 2012
Project("{FAE04EC0-301F-11D3-BF4B-00C04F79EFBC}") = "kasteroids", "kasteroids.csproj", "{D8C6E769-96E8-4F40-B798-1C286D70A18B}"
EndProject
Global
	GlobalSection(SolutionConfigurationPlatforms) = preSolution
	Debug|Any CPU = Debug|Any CPU
	ExportDebug|Any CPU = ExportDebug|Any CPU
	ExportRelease|Any CPU = ExportRelease|Any CPU
	EndGlobalSection
	GlobalSection(ProjectConfigurationPlatforms) = postSolution
		{D8C6E769-96E8-4F40-B798-1C286D70A18B}.Debug|Any CPU.ActiveCfg = Debug|Any CPU
		{D8C6E769-96E8-4F40-B798-1C286D70A18B}.Debug|Any CPU.Build.0 = Debug|Any CPU
		{D8C6E769-96E8-4F40-B798-1C286D70A18B}.ExportDebug|Any CPU.ActiveCfg = ExportDebug|Any CPU
		{D8C6E769-96E8-4F40-B798-1C286D70A18B}.ExportDebug|Any CPU.Build.0 = ExportDebug|Any CPU
		{D8C6E769-96E8-4F40-B798-1C286D70A18B}.ExportRelease|Any CPU.ActiveCfg = ExportRelease|Any CPU
		{D8C6E769-96E8-4F40-B798-1C286D70A18B}.ExportRelease|Any CPU.Build.0 = ExportRelease|Any CPU
	EndGlobalSection
EndGlobal
